
Microsoft Visual Studio Solution File, Format Version 12.00
# Visual Studio Version 17
VisualStudioVersion = 17.4.33122.133
MinimumVisualStudioVersion = 10.0.40219.1
Project("{54A90642-561A-4BB1-A94E-469ADEE60C69}") = "web-app", "web-app\web-app.esproj", "{0A5AC10D-0EB1-4C72-AE74-527B166E4E61}"
EndProject
Project("{9A19103F-16F7-4668-BE54-9A1E7A4F7556}") = "API", "API\API.csproj", "{BACE6A6C-7489-46E9-90D0-A8094A51C5F3}"
EndProject
Project("{FAE04EC0-301F-11D3-BF4B-00C04F79EFBC}") = "Test", "Test\Test.csproj", "{B63F0166-D716-43FD-B901-5796F619C2DB}"
EndProject
Global
	GlobalSection(SolutionConfigurationPlatforms) = preSolution
		Debug|Any CPU = Debug|Any CPU
		Release|Any CPU = Release|Any CPU
	EndGlobalSection
	GlobalSection(ProjectConfigurationPlatforms) = postSolution
		{0A5AC10D-0EB1-4C72-AE74-527B166E4E61}.Debug|Any CPU.ActiveCfg = Debug|Any CPU
		{0A5AC10D-0EB1-4C72-AE74-527B166E4E61}.Debug|Any CPU.Build.0 = Debug|Any CPU
		{0A5AC10D-0EB1-4C72-AE74-527B166E4E61}.Debug|Any CPU.Deploy.0 = Debug|Any CPU
		{0A5AC10D-0EB1-4C72-AE74-527B166E4E61}.Release|Any CPU.ActiveCfg = Release|Any CPU
		{0A5AC10D-0EB1-4C72-AE74-527B166E4E61}.Release|Any CPU.Build.0 = Release|Any CPU
		{0A5AC10D-0EB1-4C72-AE74-527B166E4E61}.Release|Any CPU.Deploy.0 = Release|Any CPU
		{BACE6A6C-7489-46E9-90D0-A8094A51C5F3}.Debug|Any CPU.ActiveCfg = Debug|Any CPU
		{BACE6A6C-7489-46E9-90D0-A8094A51C5F3}.Debug|Any CPU.Build.0 = Debug|Any CPU
		{BACE6A6C-7489-46E9-90D0-A8094A51C5F3}.Release|Any CPU.ActiveCfg = Release|Any CPU
		{BACE6A6C-7489-46E9-90D0-A8094A51C5F3}.Release|Any CPU.Build.0 = Release|Any CPU
		{B63F0166-D716-43FD-B901-5796F619C2DB}.Debug|Any CPU.ActiveCfg = Debug|Any CPU
		{B63F0166-D716-43FD-B901-5796F619C2DB}.Debug|Any CPU.Build.0 = Debug|Any CPU
		{B63F0166-D716-43FD-B901-5796F619C2DB}.Release|Any CPU.ActiveCfg = Release|Any CPU
		{B63F0166-D716-43FD-B901-5796F619C2DB}.Release|Any CPU.Build.0 = Release|Any CPU
	EndGlobalSection
	GlobalSection(SolutionProperties) = preSolution
		HideSolutionNode = FALSE
	EndGlobalSection
	GlobalSection(ExtensibilityGlobals) = postSolution
		SolutionGuid = {248B1AE9-7E67-4BB5-80F9-E71B31D7D22D}
	EndGlobalSection
EndGlobal
